
Microsoft Visual Studio Solution File, Format Version 12.00
# Visual Studio Version 17
VisualStudioVersion = 17.8.34525.116
MinimumVisualStudioVersion = 10.0.40219.1
Project("{9A19103F-16F7-4668-BE54-9A1E7A4F7556}") = "Server", "Server\Server.csproj", "{A0807133-01F1-4264-B015-801CCFD580FF}"
EndProject
Project("{9A19103F-16F7-4668-BE54-9A1E7A4F7556}") = "ServerCore", "ServerCore\ServerCore.csproj", "{D448096E-15DC-4F23-8168-6E2A9D4ED06F}"
EndProject
Project("{9A19103F-16F7-4668-BE54-9A1E7A4F7556}") = "DummyClient", "DummyClient\DummyClient.csproj", "{8C5B7F48-6EDF-4258-BF7B-E120410C4745}"
EndProject
Project("{FAE04EC0-301F-11D3-BF4B-00C04F79EFBC}") = "PacketGenerator", "PacketGenerator\PacketGenerator.csproj", "{778A10CF-BD39-4A25-AB8F-7C23FF79A2D7}"
EndProject
Project("{2150E333-8FDC-42A3-9474-1A3956D46DE8}") = "Tool", "Tool", "{CC2B94CD-7966-4DC7-891D-2EE934936132}"
EndProject
Global
	GlobalSection(SolutionConfigurationPlatforms) = preSolution
		Debug|Any CPU = Debug|Any CPU
		Release|Any CPU = Release|Any CPU
	EndGlobalSection
	GlobalSection(ProjectConfigurationPlatforms) = postSolution
		{A0807133-01F1-4264-B015-801CCFD580FF}.Debug|Any CPU.ActiveCfg = Debug|Any CPU
		{A0807133-01F1-4264-B015-801CCFD580FF}.Debug|Any CPU.Build.0 = Debug|Any CPU
		{A0807133-01F1-4264-B015-801CCFD580FF}.Release|Any CPU.ActiveCfg = Release|Any CPU
		{A0807133-01F1-4264-B015-801CCFD580FF}.Release|Any CPU.Build.0 = Release|Any CPU
		{D448096E-15DC-4F23-8168-6E2A9D4ED06F}.Debug|Any CPU.ActiveCfg = Debug|Any CPU
		{D448096E-15DC-4F23-8168-6E2A9D4ED06F}.Debug|Any CPU.Build.0 = Debug|Any CPU
		{D448096E-15DC-4F23-8168-6E2A9D4ED06F}.Release|Any CPU.ActiveCfg = Release|Any CPU
		{D448096E-15DC-4F23-8168-6E2A9D4ED06F}.Release|Any CPU.Build.0 = Release|Any CPU
		{8C5B7F48-6EDF-4258-BF7B-E120410C4745}.Debug|Any CPU.ActiveCfg = Debug|Any CPU
		{8C5B7F48-6EDF-4258-BF7B-E120410C4745}.Debug|Any CPU.Build.0 = Debug|Any CPU
		{8C5B7F48-6EDF-4258-BF7B-E120410C4745}.Release|Any CPU.ActiveCfg = Release|Any CPU
		{8C5B7F48-6EDF-4258-BF7B-E120410C4745}.Release|Any CPU.Build.0 = Release|Any CPU
		{778A10CF-BD39-4A25-AB8F-7C23FF79A2D7}.Debug|Any CPU.ActiveCfg = Debug|Any CPU
		{778A10CF-BD39-4A25-AB8F-7C23FF79A2D7}.Debug|Any CPU.Build.0 = Debug|Any CPU
		{778A10CF-BD39-4A25-AB8F-7C23FF79A2D7}.Release|Any CPU.ActiveCfg = Release|Any CPU
		{778A10CF-BD39-4A25-AB8F-7C23FF79A2D7}.Release|Any CPU.Build.0 = Release|Any CPU
	EndGlobalSection
	GlobalSection(SolutionProperties) = preSolution
		HideSolutionNode = FALSE
	EndGlobalSection
	GlobalSection(NestedProjects) = preSolution
		{778A10CF-BD39-4A25-AB8F-7C23FF79A2D7} = {CC2B94CD-7966-4DC7-891D-2EE934936132}
	EndGlobalSection
	GlobalSection(ExtensibilityGlobals) = postSolution
		SolutionGuid = {BC5217BA-E9BE-4168-82FA-DECCDB9A6CCF}
	EndGlobalSection
EndGlobal
